
Microsoft Visual Studio Solution File, Format Version 12.00
# Visual Studio Version 17
VisualStudioVersion = 17.8.34330.188
MinimumVisualStudioVersion = 10.0.40219.1
Project("{FAE04EC0-301F-11D3-BF4B-00C04F79EFBC}") = "ContactsManager.UI", "ContactsManager.UI\ContactsManager.UI.csproj", "{3EDEDD80-1153-43AF-8655-27B097DCC79D}"
EndProject
Project("{2150E333-8FDC-42A3-9474-1A3956D46DE8}") = "src", "src", "{27AED907-9221-4753-BA3F-AEA99E9CB2BB}"
EndProject
Project("{2150E333-8FDC-42A3-9474-1A3956D46DE8}") = "tests", "tests", "{40CC3906-E12E-407C-9FA0-C524AA967979}"
EndProject
Project("{FAE04EC0-301F-11D3-BF4B-00C04F79EFBC}") = "ContactsManager.Core", "ContactsManager.Core\ContactsManager.Core.csproj", "{B304CC86-A3A2-4E15-826C-F989A07B1E4D}"
EndProject
Global
	GlobalSection(SolutionConfigurationPlatforms) = preSolution
		Debug|Any CPU = Debug|Any CPU
		Release|Any CPU = Release|Any CPU
	EndGlobalSection
	GlobalSection(ProjectConfigurationPlatforms) = postSolution
		{3EDEDD80-1153-43AF-8655-27B097DCC79D}.Debug|Any CPU.ActiveCfg = Debug|Any CPU
		{3EDEDD80-1153-43AF-8655-27B097DCC79D}.Debug|Any CPU.Build.0 = Debug|Any CPU
		{3EDEDD80-1153-43AF-8655-27B097DCC79D}.Release|Any CPU.ActiveCfg = Release|Any CPU
		{3EDEDD80-1153-43AF-8655-27B097DCC79D}.Release|Any CPU.Build.0 = Release|Any CPU
		{B304CC86-A3A2-4E15-826C-F989A07B1E4D}.Debug|Any CPU.ActiveCfg = Debug|Any CPU
		{B304CC86-A3A2-4E15-826C-F989A07B1E4D}.Debug|Any CPU.Build.0 = Debug|Any CPU
		{B304CC86-A3A2-4E15-826C-F989A07B1E4D}.Release|Any CPU.ActiveCfg = Release|Any CPU
		{B304CC86-A3A2-4E15-826C-F989A07B1E4D}.Release|Any CPU.Build.0 = Release|Any CPU
	EndGlobalSection
	GlobalSection(SolutionProperties) = preSolution
		HideSolutionNode = FALSE
	EndGlobalSection
	GlobalSection(NestedProjects) = preSolution
		{3EDEDD80-1153-43AF-8655-27B097DCC79D} = {27AED907-9221-4753-BA3F-AEA99E9CB2BB}
		{B304CC86-A3A2-4E15-826C-F989A07B1E4D} = {27AED907-9221-4753-BA3F-AEA99E9CB2BB}
	EndGlobalSection
	GlobalSection(ExtensibilityGlobals) = postSolution
		SolutionGuid = {56BAD834-F430-45ED-A9A2-357FED0B5287}
	EndGlobalSection
EndGlobal
