
Microsoft Visual Studio Solution File, Format Version 12.00
# Visual Studio Version 17
VisualStudioVersion = 17.8.34330.188
MinimumVisualStudioVersion = 10.0.40219.1
Project("{FAE04EC0-301F-11D3-BF4B-00C04F79EFBC}") = "StocksApp.UI", "StocksAppSolution\StocksApp.UI.csproj", "{54CF2E0C-2E13-4033-B314-E100BDFD8FC2}"
EndProject
Project("{FAE04EC0-301F-11D3-BF4B-00C04F79EFBC}") = "StocksApp.Core", "StocksApp.Core\StocksApp.Core.csproj", "{3818C969-E72D-4AED-B68B-7E05826F2412}"
EndProject
Project("{FAE04EC0-301F-11D3-BF4B-00C04F79EFBC}") = "StocksApp.Infrastructure", "StocksApp.Infraestructure\StocksApp.Infrastructure.csproj", "{B73FA022-DEDC-428E-93CA-952EF86235A6}"
EndProject
Project("{2150E333-8FDC-42A3-9474-1A3956D46DE8}") = "src", "src", "{D55FE081-1CEB-43FE-B84B-44E2682DA91C}"
EndProject
Project("{2150E333-8FDC-42A3-9474-1A3956D46DE8}") = "tests", "tests", "{A75BD032-A8C6-447E-B99D-B79E4D6CF8D0}"
EndProject
Project("{FAE04EC0-301F-11D3-BF4B-00C04F79EFBC}") = "StocksApp.ServiceTests", "StocksApp.ServiceTests\StocksApp.ServiceTests.csproj", "{CD364AB4-5BF4-4E84-AAF2-C97D1B4FBDB1}"
EndProject
Project("{FAE04EC0-301F-11D3-BF4B-00C04F79EFBC}") = "StocksApp.IntegrationTests", "StockApp.IntegrationTest\StocksApp.IntegrationTests.csproj", "{99487540-9D89-495A-9DEC-4FB851233C79}"
EndProject
Project("{FAE04EC0-301F-11D3-BF4B-00C04F79EFBC}") = "StocksApp.ControllerTests", "StocksApp.ControllerTests\StocksApp.ControllerTests.csproj", "{4A36150D-BB13-435C-9ADA-E8B58EE165A9}"
EndProject
Global
	GlobalSection(SolutionConfigurationPlatforms) = preSolution
		Debug|Any CPU = Debug|Any CPU
		Release|Any CPU = Release|Any CPU
	EndGlobalSection
	GlobalSection(ProjectConfigurationPlatforms) = postSolution
		{54CF2E0C-2E13-4033-B314-E100BDFD8FC2}.Debug|Any CPU.ActiveCfg = Debug|Any CPU
		{54CF2E0C-2E13-4033-B314-E100BDFD8FC2}.Debug|Any CPU.Build.0 = Debug|Any CPU
		{54CF2E0C-2E13-4033-B314-E100BDFD8FC2}.Release|Any CPU.ActiveCfg = Release|Any CPU
		{54CF2E0C-2E13-4033-B314-E100BDFD8FC2}.Release|Any CPU.Build.0 = Release|Any CPU
		{3818C969-E72D-4AED-B68B-7E05826F2412}.Debug|Any CPU.ActiveCfg = Debug|Any CPU
		{3818C969-E72D-4AED-B68B-7E05826F2412}.Debug|Any CPU.Build.0 = Debug|Any CPU
		{3818C969-E72D-4AED-B68B-7E05826F2412}.Release|Any CPU.ActiveCfg = Release|Any CPU
		{3818C969-E72D-4AED-B68B-7E05826F2412}.Release|Any CPU.Build.0 = Release|Any CPU
		{B73FA022-DEDC-428E-93CA-952EF86235A6}.Debug|Any CPU.ActiveCfg = Debug|Any CPU
		{B73FA022-DEDC-428E-93CA-952EF86235A6}.Debug|Any CPU.Build.0 = Debug|Any CPU
		{B73FA022-DEDC-428E-93CA-952EF86235A6}.Release|Any CPU.ActiveCfg = Release|Any CPU
		{B73FA022-DEDC-428E-93CA-952EF86235A6}.Release|Any CPU.Build.0 = Release|Any CPU
		{CD364AB4-5BF4-4E84-AAF2-C97D1B4FBDB1}.Debug|Any CPU.ActiveCfg = Debug|Any CPU
		{CD364AB4-5BF4-4E84-AAF2-C97D1B4FBDB1}.Debug|Any CPU.Build.0 = Debug|Any CPU
		{CD364AB4-5BF4-4E84-AAF2-C97D1B4FBDB1}.Release|Any CPU.ActiveCfg = Release|Any CPU
		{CD364AB4-5BF4-4E84-AAF2-C97D1B4FBDB1}.Release|Any CPU.Build.0 = Release|Any CPU
		{99487540-9D89-495A-9DEC-4FB851233C79}.Debug|Any CPU.ActiveCfg = Debug|Any CPU
		{99487540-9D89-495A-9DEC-4FB851233C79}.Debug|Any CPU.Build.0 = Debug|Any CPU
		{99487540-9D89-495A-9DEC-4FB851233C79}.Release|Any CPU.ActiveCfg = Release|Any CPU
		{99487540-9D89-495A-9DEC-4FB851233C79}.Release|Any CPU.Build.0 = Release|Any CPU
		{4A36150D-BB13-435C-9ADA-E8B58EE165A9}.Debug|Any CPU.ActiveCfg = Debug|Any CPU
		{4A36150D-BB13-435C-9ADA-E8B58EE165A9}.Debug|Any CPU.Build.0 = Debug|Any CPU
		{4A36150D-BB13-435C-9ADA-E8B58EE165A9}.Release|Any CPU.ActiveCfg = Release|Any CPU
		{4A36150D-BB13-435C-9ADA-E8B58EE165A9}.Release|Any CPU.Build.0 = Release|Any CPU
	EndGlobalSection
	GlobalSection(SolutionProperties) = preSolution
		HideSolutionNode = FALSE
	EndGlobalSection
	GlobalSection(NestedProjects) = preSolution
		{54CF2E0C-2E13-4033-B314-E100BDFD8FC2} = {D55FE081-1CEB-43FE-B84B-44E2682DA91C}
		{3818C969-E72D-4AED-B68B-7E05826F2412} = {D55FE081-1CEB-43FE-B84B-44E2682DA91C}
		{B73FA022-DEDC-428E-93CA-952EF86235A6} = {D55FE081-1CEB-43FE-B84B-44E2682DA91C}
		{CD364AB4-5BF4-4E84-AAF2-C97D1B4FBDB1} = {A75BD032-A8C6-447E-B99D-B79E4D6CF8D0}
		{99487540-9D89-495A-9DEC-4FB851233C79} = {A75BD032-A8C6-447E-B99D-B79E4D6CF8D0}
		{4A36150D-BB13-435C-9ADA-E8B58EE165A9} = {A75BD032-A8C6-447E-B99D-B79E4D6CF8D0}
	EndGlobalSection
	GlobalSection(ExtensibilityGlobals) = postSolution
		SolutionGuid = {3CF6B668-FBAC-49F0-B3D2-1B38633A8799}
	EndGlobalSection
EndGlobal
