
Microsoft Visual Studio Solution File, Format Version 12.00
# Visual Studio Version 17
VisualStudioVersion = 17.8.34330.188
MinimumVisualStudioVersion = 10.0.40219.1
Project("{FAE04EC0-301F-11D3-BF4B-00C04F79EFBC}") = "RoutingExample", "RoutingExample.csproj", "{05BA9D8B-FB6D-4D6E-A843-327DF694329E}"
EndProject
Global
	GlobalSection(SolutionConfigurationPlatforms) = preSolution
		Debug|Any CPU = Debug|Any CPU
		Release|Any CPU = Release|Any CPU
	EndGlobalSection
	GlobalSection(ProjectConfigurationPlatforms) = postSolution
		{05BA9D8B-FB6D-4D6E-A843-327DF694329E}.Debug|Any CPU.ActiveCfg = Debug|Any CPU
		{05BA9D8B-FB6D-4D6E-A843-327DF694329E}.Debug|Any CPU.Build.0 = Debug|Any CPU
		{05BA9D8B-FB6D-4D6E-A843-327DF694329E}.Release|Any CPU.ActiveCfg = Release|Any CPU
		{05BA9D8B-FB6D-4D6E-A843-327DF694329E}.Release|Any CPU.Build.0 = Release|Any CPU
	EndGlobalSection
	GlobalSection(SolutionProperties) = preSolution
		HideSolutionNode = FALSE
	EndGlobalSection
	GlobalSection(ExtensibilityGlobals) = postSolution
		SolutionGuid = {11E41205-C3F9-4AE2-B5ED-42DD4CF009BE}
	EndGlobalSection
EndGlobal
