
Microsoft Visual Studio Solution File, Format Version 12.00
# Visual Studio Version 17
VisualStudioVersion = 17.8.34330.188
MinimumVisualStudioVersion = 10.0.40219.1
Project("{FAE04EC0-301F-11D3-BF4B-00C04F79EFBC}") = "MathApp", "MathApp.csproj", "{FCBE9670-E01D-4901-9F0C-FD95A1D86839}"
EndProject
Global
	GlobalSection(SolutionConfigurationPlatforms) = preSolution
		Debug|Any CPU = Debug|Any CPU
		Release|Any CPU = Release|Any CPU
	EndGlobalSection
	GlobalSection(ProjectConfigurationPlatforms) = postSolution
		{FCBE9670-E01D-4901-9F0C-FD95A1D86839}.Debug|Any CPU.ActiveCfg = Debug|Any CPU
		{FCBE9670-E01D-4901-9F0C-FD95A1D86839}.Debug|Any CPU.Build.0 = Debug|Any CPU
		{FCBE9670-E01D-4901-9F0C-FD95A1D86839}.Release|Any CPU.ActiveCfg = Release|Any CPU
		{FCBE9670-E01D-4901-9F0C-FD95A1D86839}.Release|Any CPU.Build.0 = Release|Any CPU
	EndGlobalSection
	GlobalSection(SolutionProperties) = preSolution
		HideSolutionNode = FALSE
	EndGlobalSection
	GlobalSection(ExtensibilityGlobals) = postSolution
		SolutionGuid = {C87692A9-ACBD-4920-99AB-0EAF74F4A74E}
	EndGlobalSection
EndGlobal
