
Microsoft Visual Studio Solution File, Format Version 12.00
# Visual Studio Version 17
VisualStudioVersion = 17.8.34330.188
MinimumVisualStudioVersion = 10.0.40219.1
Project("{9A19103F-16F7-4668-BE54-9A1E7A4F7556}") = "WeatherApp", "WeatherApp.csproj", "{36C94405-41A5-479D-A32D-6BAF74B9AC73}"
EndProject
Project("{FAE04EC0-301F-11D3-BF4B-00C04F79EFBC}") = "ServiceContracts", "ServiceContracts\ServiceContracts.csproj", "{0B0C0003-01CB-40C7-BC53-7D8AB03D8AC4}"
EndProject
Project("{FAE04EC0-301F-11D3-BF4B-00C04F79EFBC}") = "Services", "Services\Services.csproj", "{F8A1D177-9D25-4BA5-8350-1F7D5E0975F7}"
EndProject
Global
	GlobalSection(SolutionConfigurationPlatforms) = preSolution
		Debug|Any CPU = Debug|Any CPU
		Release|Any CPU = Release|Any CPU
	EndGlobalSection
	GlobalSection(ProjectConfigurationPlatforms) = postSolution
		{36C94405-41A5-479D-A32D-6BAF74B9AC73}.Debug|Any CPU.ActiveCfg = Debug|Any CPU
		{36C94405-41A5-479D-A32D-6BAF74B9AC73}.Debug|Any CPU.Build.0 = Debug|Any CPU
		{36C94405-41A5-479D-A32D-6BAF74B9AC73}.Release|Any CPU.ActiveCfg = Release|Any CPU
		{36C94405-41A5-479D-A32D-6BAF74B9AC73}.Release|Any CPU.Build.0 = Release|Any CPU
		{0B0C0003-01CB-40C7-BC53-7D8AB03D8AC4}.Debug|Any CPU.ActiveCfg = Debug|Any CPU
		{0B0C0003-01CB-40C7-BC53-7D8AB03D8AC4}.Debug|Any CPU.Build.0 = Debug|Any CPU
		{0B0C0003-01CB-40C7-BC53-7D8AB03D8AC4}.Release|Any CPU.ActiveCfg = Release|Any CPU
		{0B0C0003-01CB-40C7-BC53-7D8AB03D8AC4}.Release|Any CPU.Build.0 = Release|Any CPU
		{F8A1D177-9D25-4BA5-8350-1F7D5E0975F7}.Debug|Any CPU.ActiveCfg = Debug|Any CPU
		{F8A1D177-9D25-4BA5-8350-1F7D5E0975F7}.Debug|Any CPU.Build.0 = Debug|Any CPU
		{F8A1D177-9D25-4BA5-8350-1F7D5E0975F7}.Release|Any CPU.ActiveCfg = Release|Any CPU
		{F8A1D177-9D25-4BA5-8350-1F7D5E0975F7}.Release|Any CPU.Build.0 = Release|Any CPU
	EndGlobalSection
	GlobalSection(SolutionProperties) = preSolution
		HideSolutionNode = FALSE
	EndGlobalSection
	GlobalSection(ExtensibilityGlobals) = postSolution
		SolutionGuid = {BD3D1E5B-A879-4A1F-A641-B2E0B40DB693}
	EndGlobalSection
EndGlobal
